
Microsoft Visual Studio Solution File, Format Version 12.00
# Visual Studio Version 17
VisualStudioVersion = 17.9.34616.47
MinimumVisualStudioVersion = 10.0.40219.1
Project("{FAE04EC0-301F-11D3-BF4B-00C04F79EFBC}") = "Piano", "Piano.csproj", "{0B33103A-AB16-4FFA-8274-E2577690D6DF}"
EndProject
Global
	GlobalSection(SolutionConfigurationPlatforms) = preSolution
		Debug|Any CPU = Debug|Any CPU
		Release|Any CPU = Release|Any CPU
	EndGlobalSection
	GlobalSection(ProjectConfigurationPlatforms) = postSolution
		{0B33103A-AB16-4FFA-8274-E2577690D6DF}.Debug|Any CPU.ActiveCfg = Debug|Any CPU
		{0B33103A-AB16-4FFA-8274-E2577690D6DF}.Debug|Any CPU.Build.0 = Debug|Any CPU
		{0B33103A-AB16-4FFA-8274-E2577690D6DF}.Release|Any CPU.ActiveCfg = Release|Any CPU
		{0B33103A-AB16-4FFA-8274-E2577690D6DF}.Release|Any CPU.Build.0 = Release|Any CPU
	EndGlobalSection
	GlobalSection(SolutionProperties) = preSolution
		HideSolutionNode = FALSE
	EndGlobalSection
	GlobalSection(ExtensibilityGlobals) = postSolution
		SolutionGuid = {8D9C4DF7-CF77-48E0-83FA-8FF8AC84795E}
	EndGlobalSection
EndGlobal
